
Microsoft Visual Studio Solution File, Format Version 12.00
# Visual Studio Version 16
VisualStudioVersion = 16.0.31829.152
MinimumVisualStudioVersion = 10.0.40219.1
Project("{FAE04EC0-301F-11D3-BF4B-00C04F79EFBC}") = "Logiwa.MassTransit.API", "Logiwa.MassTransit.API\Logiwa.MassTransit.API.csproj", "{E7BEB8CC-C39E-453A-9C43-61BB1F772BE5}"
EndProject
Global
	GlobalSection(SolutionConfigurationPlatforms) = preSolution
		Debug|Any CPU = Debug|Any CPU
		Release|Any CPU = Release|Any CPU
	EndGlobalSection
	GlobalSection(ProjectConfigurationPlatforms) = postSolution
		{E7BEB8CC-C39E-453A-9C43-61BB1F772BE5}.Debug|Any CPU.ActiveCfg = Debug|Any CPU
		{E7BEB8CC-C39E-453A-9C43-61BB1F772BE5}.Debug|Any CPU.Build.0 = Debug|Any CPU
		{E7BEB8CC-C39E-453A-9C43-61BB1F772BE5}.Release|Any CPU.ActiveCfg = Release|Any CPU
		{E7BEB8CC-C39E-453A-9C43-61BB1F772BE5}.Release|Any CPU.Build.0 = Release|Any CPU
	EndGlobalSection
	GlobalSection(SolutionProperties) = preSolution
		HideSolutionNode = FALSE
	EndGlobalSection
	GlobalSection(ExtensibilityGlobals) = postSolution
		SolutionGuid = {E3C6ACA7-15B1-4025-9A62-68DA9DA6E898}
	EndGlobalSection
EndGlobal
